
Microsoft Visual Studio Solution File, Format Version 12.00
# Visual Studio 15
VisualStudioVersion = 15.0.28010.2046
MinimumVisualStudioVersion = 10.0.40219.1
Project("{8BC9CEB8-8B4A-11D0-8D11-00A0C91BC942}") = "prob22", "prob22\prob22.vcxproj", "{ED68ECCB-469A-4F92-AEAE-9CB849705C3F}"
EndProject
Global
	GlobalSection(SolutionConfigurationPlatforms) = preSolution
		Debug|x64 = Debug|x64
		Debug|x86 = Debug|x86
		Release|x64 = Release|x64
		Release|x86 = Release|x86
	EndGlobalSection
	GlobalSection(ProjectConfigurationPlatforms) = postSolution
		{ED68ECCB-469A-4F92-AEAE-9CB849705C3F}.Debug|x64.ActiveCfg = Debug|x64
		{ED68ECCB-469A-4F92-AEAE-9CB849705C3F}.Debug|x64.Build.0 = Debug|x64
		{ED68ECCB-469A-4F92-AEAE-9CB849705C3F}.Debug|x86.ActiveCfg = Debug|Win32
		{ED68ECCB-469A-4F92-AEAE-9CB849705C3F}.Debug|x86.Build.0 = Debug|Win32
		{ED68ECCB-469A-4F92-AEAE-9CB849705C3F}.Release|x64.ActiveCfg = Release|x64
		{ED68ECCB-469A-4F92-AEAE-9CB849705C3F}.Release|x64.Build.0 = Release|x64
		{ED68ECCB-469A-4F92-AEAE-9CB849705C3F}.Release|x86.ActiveCfg = Release|Win32
		{ED68ECCB-469A-4F92-AEAE-9CB849705C3F}.Release|x86.Build.0 = Release|Win32
	EndGlobalSection
	GlobalSection(SolutionProperties) = preSolution
		HideSolutionNode = FALSE
	EndGlobalSection
	GlobalSection(ExtensibilityGlobals) = postSolution
		SolutionGuid = {D796662C-9CDE-4E95-8C9F-EF8581D7293F}
	EndGlobalSection
EndGlobal
