
Microsoft Visual Studio Solution File, Format Version 12.00
# Visual Studio 15
VisualStudioVersion = 15.0.28010.2046
MinimumVisualStudioVersion = 10.0.40219.1
Project("{8BC9CEB8-8B4A-11D0-8D11-00A0C91BC942}") = "prob41-50", "prob41-50\prob41-50.vcxproj", "{B781C7B6-8A63-4D02-82A4-134C2D5B6B46}"
EndProject
Global
	GlobalSection(SolutionConfigurationPlatforms) = preSolution
		Debug|x64 = Debug|x64
		Debug|x86 = Debug|x86
		Release|x64 = Release|x64
		Release|x86 = Release|x86
	EndGlobalSection
	GlobalSection(ProjectConfigurationPlatforms) = postSolution
		{B781C7B6-8A63-4D02-82A4-134C2D5B6B46}.Debug|x64.ActiveCfg = Debug|x64
		{B781C7B6-8A63-4D02-82A4-134C2D5B6B46}.Debug|x64.Build.0 = Debug|x64
		{B781C7B6-8A63-4D02-82A4-134C2D5B6B46}.Debug|x86.ActiveCfg = Debug|Win32
		{B781C7B6-8A63-4D02-82A4-134C2D5B6B46}.Debug|x86.Build.0 = Debug|Win32
		{B781C7B6-8A63-4D02-82A4-134C2D5B6B46}.Release|x64.ActiveCfg = Release|x64
		{B781C7B6-8A63-4D02-82A4-134C2D5B6B46}.Release|x64.Build.0 = Release|x64
		{B781C7B6-8A63-4D02-82A4-134C2D5B6B46}.Release|x86.ActiveCfg = Release|Win32
		{B781C7B6-8A63-4D02-82A4-134C2D5B6B46}.Release|x86.Build.0 = Release|Win32
	EndGlobalSection
	GlobalSection(SolutionProperties) = preSolution
		HideSolutionNode = FALSE
	EndGlobalSection
	GlobalSection(ExtensibilityGlobals) = postSolution
		SolutionGuid = {4E73AA3D-40B1-47AC-BB80-D4F9097409CC}
	EndGlobalSection
EndGlobal
